
Microsoft Visual Studio Solution File, Format Version 12.00
# Visual Studio 15
VisualStudioVersion = 15.0.27130.2003
MinimumVisualStudioVersion = 10.0.40219.1
Project("{888888A0-9F3D-457C-B088-3A5042F75D52}") = "Python Example Arb Generation", "Python Example Arb Generation.pyproj", "{1657B9E0-4AC6-4DD6-8237-D5557E076FD9}"
EndProject
Global
	GlobalSection(SolutionConfigurationPlatforms) = preSolution
		Debug|Any CPU = Debug|Any CPU
		Release|Any CPU = Release|Any CPU
	EndGlobalSection
	GlobalSection(ProjectConfigurationPlatforms) = postSolution
		{1657B9E0-4AC6-4DD6-8237-D5557E076FD9}.Debug|Any CPU.ActiveCfg = Debug|Any CPU
		{1657B9E0-4AC6-4DD6-8237-D5557E076FD9}.Release|Any CPU.ActiveCfg = Release|Any CPU
	EndGlobalSection
	GlobalSection(SolutionProperties) = preSolution
		HideSolutionNode = FALSE
	EndGlobalSection
	GlobalSection(ExtensibilityGlobals) = postSolution
		SolutionGuid = {1FA54E81-B9A7-4AE1-9F9A-30A727FEC67A}
	EndGlobalSection
EndGlobal
