
Microsoft Visual Studio Solution File, Format Version 12.00
# Visual Studio 15
VisualStudioVersion = 15.0.27130.2003
MinimumVisualStudioVersion = 10.0.40219.1
Project("{888888A0-9F3D-457C-B088-3A5042F75D52}") = "IronPython RFSG Example", "IronPython RFSG Example\IronPython RFSG Example.pyproj", "{186A6E30-2F1F-45C7-9491-18BA41BACD6C}"
EndProject
Global
	GlobalSection(SolutionConfigurationPlatforms) = preSolution
		Debug|Any CPU = Debug|Any CPU
		Release|Any CPU = Release|Any CPU
	EndGlobalSection
	GlobalSection(ProjectConfigurationPlatforms) = postSolution
		{186A6E30-2F1F-45C7-9491-18BA41BACD6C}.Debug|Any CPU.ActiveCfg = Debug|Any CPU
		{186A6E30-2F1F-45C7-9491-18BA41BACD6C}.Release|Any CPU.ActiveCfg = Release|Any CPU
	EndGlobalSection
	GlobalSection(SolutionProperties) = preSolution
		HideSolutionNode = FALSE
	EndGlobalSection
	GlobalSection(ExtensibilityGlobals) = postSolution
		SolutionGuid = {8C5CE5F9-8068-4D5C-97CC-0577E14144CD}
	EndGlobalSection
EndGlobal
